
Microsoft Visual Studio Solution File, Format Version 12.00
# Visual Studio Version 16
VisualStudioVersion = 16.0.31321.278
MinimumVisualStudioVersion = 10.0.40219.1
Project("{9A19103F-16F7-4668-BE54-9A1E7A4F7556}") = "VotingSystem.core", "VotingSystem.core\VotingSystem.core.csproj", "{5675F77E-FD6C-4D0D-9AF6-2694AF76AD4C}"
EndProject
Project("{9A19103F-16F7-4668-BE54-9A1E7A4F7556}") = "VotingSystem.core.tests", "VotingSystem.core.tests\VotingSystem.core.tests.csproj", "{01B617DD-A1E7-4168-AFE7-698FD88845CE}"
EndProject
Project("{9A19103F-16F7-4668-BE54-9A1E7A4F7556}") = "VotingSystem.Application", "VotingSystem.Application\VotingSystem.Application.csproj", "{D48F7B7D-F52D-4F7E-A5E6-E6BC9BBE56A8}"
EndProject
Project("{9A19103F-16F7-4668-BE54-9A1E7A4F7556}") = "VotingSystem.Application.Tests", "VotingSystem.Application.Tests\VotingSystem.Application.Tests.csproj", "{0F84A47C-30F3-442B-A1F8-F92296AD852B}"
EndProject
Project("{2150E333-8FDC-42A3-9474-1A3956D46DE8}") = "src", "src", "{176366BB-4DB6-4043-A5EE-CAED408C58EC}"
EndProject
Project("{2150E333-8FDC-42A3-9474-1A3956D46DE8}") = "tests", "tests", "{53AD1E4F-2C59-481B-A229-900205E354C6}"
EndProject
Project("{FAE04EC0-301F-11D3-BF4B-00C04F79EFBC}") = "VotingSystem.Database.Tests", "VotingSystem.Database.Tests\VotingSystem.Database.Tests.csproj", "{EB482901-39F5-41A8-B602-CFFB8D30C0C9}"
EndProject
Project("{FAE04EC0-301F-11D3-BF4B-00C04F79EFBC}") = "VotingSystem.DataBase", "VotingSystem.DataBase\VotingSystem.DataBase.csproj", "{DB948777-D56A-4D74-A35C-804042E6B7D8}"
EndProject
Global
	GlobalSection(SolutionConfigurationPlatforms) = preSolution
		Debug|Any CPU = Debug|Any CPU
		Release|Any CPU = Release|Any CPU
	EndGlobalSection
	GlobalSection(ProjectConfigurationPlatforms) = postSolution
		{5675F77E-FD6C-4D0D-9AF6-2694AF76AD4C}.Debug|Any CPU.ActiveCfg = Debug|Any CPU
		{5675F77E-FD6C-4D0D-9AF6-2694AF76AD4C}.Debug|Any CPU.Build.0 = Debug|Any CPU
		{5675F77E-FD6C-4D0D-9AF6-2694AF76AD4C}.Release|Any CPU.ActiveCfg = Release|Any CPU
		{5675F77E-FD6C-4D0D-9AF6-2694AF76AD4C}.Release|Any CPU.Build.0 = Release|Any CPU
		{01B617DD-A1E7-4168-AFE7-698FD88845CE}.Debug|Any CPU.ActiveCfg = Debug|Any CPU
		{01B617DD-A1E7-4168-AFE7-698FD88845CE}.Debug|Any CPU.Build.0 = Debug|Any CPU
		{01B617DD-A1E7-4168-AFE7-698FD88845CE}.Release|Any CPU.ActiveCfg = Release|Any CPU
		{01B617DD-A1E7-4168-AFE7-698FD88845CE}.Release|Any CPU.Build.0 = Release|Any CPU
		{D48F7B7D-F52D-4F7E-A5E6-E6BC9BBE56A8}.Debug|Any CPU.ActiveCfg = Debug|Any CPU
		{D48F7B7D-F52D-4F7E-A5E6-E6BC9BBE56A8}.Debug|Any CPU.Build.0 = Debug|Any CPU
		{D48F7B7D-F52D-4F7E-A5E6-E6BC9BBE56A8}.Release|Any CPU.ActiveCfg = Release|Any CPU
		{D48F7B7D-F52D-4F7E-A5E6-E6BC9BBE56A8}.Release|Any CPU.Build.0 = Release|Any CPU
		{0F84A47C-30F3-442B-A1F8-F92296AD852B}.Debug|Any CPU.ActiveCfg = Debug|Any CPU
		{0F84A47C-30F3-442B-A1F8-F92296AD852B}.Debug|Any CPU.Build.0 = Debug|Any CPU
		{0F84A47C-30F3-442B-A1F8-F92296AD852B}.Release|Any CPU.ActiveCfg = Release|Any CPU
		{0F84A47C-30F3-442B-A1F8-F92296AD852B}.Release|Any CPU.Build.0 = Release|Any CPU
		{EB482901-39F5-41A8-B602-CFFB8D30C0C9}.Debug|Any CPU.ActiveCfg = Debug|Any CPU
		{EB482901-39F5-41A8-B602-CFFB8D30C0C9}.Debug|Any CPU.Build.0 = Debug|Any CPU
		{EB482901-39F5-41A8-B602-CFFB8D30C0C9}.Release|Any CPU.ActiveCfg = Release|Any CPU
		{EB482901-39F5-41A8-B602-CFFB8D30C0C9}.Release|Any CPU.Build.0 = Release|Any CPU
		{DB948777-D56A-4D74-A35C-804042E6B7D8}.Debug|Any CPU.ActiveCfg = Debug|Any CPU
		{DB948777-D56A-4D74-A35C-804042E6B7D8}.Debug|Any CPU.Build.0 = Debug|Any CPU
		{DB948777-D56A-4D74-A35C-804042E6B7D8}.Release|Any CPU.ActiveCfg = Release|Any CPU
		{DB948777-D56A-4D74-A35C-804042E6B7D8}.Release|Any CPU.Build.0 = Release|Any CPU
	EndGlobalSection
	GlobalSection(SolutionProperties) = preSolution
		HideSolutionNode = FALSE
	EndGlobalSection
	GlobalSection(NestedProjects) = preSolution
		{5675F77E-FD6C-4D0D-9AF6-2694AF76AD4C} = {176366BB-4DB6-4043-A5EE-CAED408C58EC}
		{01B617DD-A1E7-4168-AFE7-698FD88845CE} = {53AD1E4F-2C59-481B-A229-900205E354C6}
		{D48F7B7D-F52D-4F7E-A5E6-E6BC9BBE56A8} = {176366BB-4DB6-4043-A5EE-CAED408C58EC}
		{0F84A47C-30F3-442B-A1F8-F92296AD852B} = {53AD1E4F-2C59-481B-A229-900205E354C6}
		{EB482901-39F5-41A8-B602-CFFB8D30C0C9} = {53AD1E4F-2C59-481B-A229-900205E354C6}
		{DB948777-D56A-4D74-A35C-804042E6B7D8} = {176366BB-4DB6-4043-A5EE-CAED408C58EC}
	EndGlobalSection
	GlobalSection(ExtensibilityGlobals) = postSolution
		SolutionGuid = {B366114B-212E-49B0-B18E-97EA739E84E1}
	EndGlobalSection
EndGlobal
